{
  "name": "heroku-deploy",
  "lockfileVersion": 2,
  "requires": true,
  "packages": {
    "": {
      "name": "heroku-deploy",
      "dependencies": {
        "reactjs-localstorage": "^1.0.1"
      },
      "engines": {
        "node": "v19.0.0"
      }
    },
    "node_modules/reactjs-localstorage": {
      "version": "1.0.1",
      "resolved": "https://registry.npmjs.org/reactjs-localstorage/-/reactjs-localstorage-1.0.1.tgz",
      "integrity": "sha512-eNSwfiVyVDhfjw9h83PBvgqQcFxmyK6KGPrPlutuaaTlALRZVQLZ0MAN72iU9UT+bKtscwtdogHQ2ikZ7rjT+w=="
    }
  },
  "dependencies": {
    "reactjs-localstorage": {
      "version": "1.0.1",
      "resolved": "https://registry.npmjs.org/reactjs-localstorage/-/reactjs-localstorage-1.0.1.tgz",
      "integrity": "sha512-eNSwfiVyVDhfjw9h83PBvgqQcFxmyK6KGPrPlutuaaTlALRZVQLZ0MAN72iU9UT+bKtscwtdogHQ2ikZ7rjT+w=="
    }
  }
}
